{
  "name": "is-seven",
  "version": "1.0.0",
  "lockfileVersion": 3,
  "requires": true,
  "packages": {
    "": {
      "name": "is-seven",
      "version": "1.0.0",
      "license": "ISC",
      "dependencies": {
        "five": "^0.8.0",
        "is-odd": "^3.0.1",
        "is-ten": "^0.1.0",
        "is-thirteen": "^2.0.0",
        "two": "^1.0.7"
      }
    },
    "node_modules/five": {
      "version": "0.8.0",
      "resolved": "https://registry.npmjs.org/five/-/five-0.8.0.tgz",
      "integrity": "sha512-kx1sT4ZGNZQfOY31NBPJnbPjQ4BLinR9Wu9pmkUYlwx3A9U9QxJGhk2Ro4Fs2Ayn4tptVep/n8vjydKBVUKHYg=="
    },
    "node_modules/is-is-odd": {
      "version": "1.0.2",
      "resolved": "https://registry.npmjs.org/is-is-odd/-/is-is-odd-1.0.2.tgz",
      "integrity": "sha512-eGDJfdpYFiY5jJFiWvg7tF7ekVZhlCEkb1dQmOakKoSKNBBawqRWFUZcVtTJjNxmrMTr9sl5lusq/Hv9gvevUA==",
      "dependencies": {
        "is-odd": "^3.0.1"
      }
    },
    "node_modules/is-number": {
      "version": "6.0.0",
      "resolved": "https://registry.npmjs.org/is-number/-/is-number-6.0.0.tgz",
      "integrity": "sha512-Wu1VHeILBK8KAWJUAiSZQX94GmOE45Rg6/538fKwiloUu21KncEkYGPqob2oSZ5mUT73vLGrHQjKw3KMPwfDzg==",
      "engines": {
        "node": ">=0.10.0"
      }
    },
    "node_modules/is-odd": {
      "version": "3.0.1",
      "resolved": "https://registry.npmjs.org/is-odd/-/is-odd-3.0.1.tgz",
      "integrity": "sha512-CQpnWPrDwmP1+SMHXZhtLtJv90yiyVfluGsX5iNCVkrhQtU3TQHsUWPG9wkdk9Lgd5yNpAg9jQEo90CBaXgWMA==",
      "dependencies": {
        "is-number": "^6.0.0"
      },
      "engines": {
        "node": ">=4"
      }
    },
    "node_modules/is-ten": {
      "version": "0.1.0",
      "resolved": "https://registry.npmjs.org/is-ten/-/is-ten-0.1.0.tgz",
      "integrity": "sha512-CTNXqHynXvqqYR3A2X+rV94ueGNFQjdeglgoUG4mZeW+L0NoW8oQgcelQBbNhYFicHaWHKLd5ztw22BjkNi2qQ==",
      "dependencies": {
        "is-is-odd": "^1.0.2",
        "is-odd": "^3.0.1",
        "jquery": "^3.4.1",
        "jquery-basic-arithmetic-plugin": "^1.1.0"
      }
    },
    "node_modules/is-thirteen": {
      "version": "2.0.0",
      "resolved": "https://registry.npmjs.org/is-thirteen/-/is-thirteen-2.0.0.tgz",
      "integrity": "sha512-F2d7FjSuctqj+71zkSXj2MQGPBPxdHNTtNQlKzmOXCicpKPkGU9PIWcbjw1bzFo18cjxRFfnhvQh0LS7GlldNw==",
      "dependencies": {
        "noop3": "^13.7.2"
      }
    },
    "node_modules/jquery": {
      "version": "3.7.1",
      "resolved": "https://registry.npmjs.org/jquery/-/jquery-3.7.1.tgz",
      "integrity": "sha512-m4avr8yL8kmFN8psrbFFFmB/If14iN5o9nw/NgnnM+kybDJpRsAynV2BsfpTYrTRysYUdADVD7CkUUizgkpLfg=="
    },
    "node_modules/jquery-basic-arithmetic-plugin": {
      "version": "1.1.0",
      "resolved": "https://registry.npmjs.org/jquery-basic-arithmetic-plugin/-/jquery-basic-arithmetic-plugin-1.1.0.tgz",
      "integrity": "sha512-LVlFKgsgDOd47AkI9LhhtyPMB7E77f9GKUl7YMdB5+Ct7pkx/XIdPAWJkOPmfifoTDH9ccEY1y7gR5VyQr7CyA=="
    },
    "node_modules/lodash": {
      "version": "4.17.21",
      "resolved": "https://registry.npmjs.org/lodash/-/lodash-4.17.21.tgz",
      "integrity": "sha512-v2kDEe57lecTulaDIuNTPy3Ry4gLGJ6Z1O3vE1krgXZNrsQ+LFTGHVxVjcXPs17LhbZVGedAJv8XZ1tvj5FvSg=="
    },
    "node_modules/noop3": {
      "version": "13.8.1",
      "resolved": "https://registry.npmjs.org/noop3/-/noop3-13.8.1.tgz",
      "integrity": "sha512-OaPSc9qO9oYf1NF2yDnMeLmuvfpc7R2Dzp9LuGTUWlkZgLKlUrK1hsFX8ar7vZEzOsl4nTltlno9qOZ/f/ynmA==",
      "engines": {
        "node": ">=0.10.0"
      }
    },
    "node_modules/two": {
      "version": "1.0.7",
      "resolved": "https://registry.npmjs.org/two/-/two-1.0.7.tgz",
      "integrity": "sha512-51CvBH1aNZmWTrdox7Ylv38EVYM/QhJ8CxCi735j+YfSfq+JZ91Cd1UXp0JiVQ0iyurrt/gJqWGydZsoQgjWZQ==",
      "dependencies": {
        "lodash": "^4.17.21"
      }
    }
  }
}
